
Microsoft Visual Studio Solution File, Format Version 12.00
# Visual Studio Version 17
VisualStudioVersion = 17.8.34330.188
MinimumVisualStudioVersion = 10.0.40219.1
Project("{9A19103F-16F7-4668-BE54-9A1E7A4F7556}") = "Pinatree.TGBot", "Pinatree.TGBot\Pinatree.TGBot.csproj", "{3E0ACE58-7C4C-4EA6-B175-06F758B53FD8}"
EndProject
Project("{2150E333-8FDC-42A3-9474-1A3956D46DE8}") = "StartUp", "StartUp", "{47412E22-B165-4BF8-90E9-ACFE2AF05750}"
EndProject
Project("{2150E333-8FDC-42A3-9474-1A3956D46DE8}") = "Services", "Services", "{FB9CF5E4-4D21-4953-8527-1E71D46AA515}"
EndProject
Project("{2150E333-8FDC-42A3-9474-1A3956D46DE8}") = "ProjectCalculating", "ProjectCalculating", "{A00E462E-8DF2-4241-AE7D-EF491814E6F0}"
EndProject
Project("{2150E333-8FDC-42A3-9474-1A3956D46DE8}") = "Core", "Core", "{B4765193-AE96-4890-B76A-CD92BE4ED6CC}"
EndProject
Project("{2150E333-8FDC-42A3-9474-1A3956D46DE8}") = "Frontend", "Frontend", "{0F3CD3B5-5BBA-47E5-A991-91B928AF96BE}"
EndProject
Project("{2150E333-8FDC-42A3-9474-1A3956D46DE8}") = "Telegram", "Telegram", "{9DC8C35B-A4A1-4C7F-A1DE-C6756C3AD4C6}"
EndProject
Project("{FAE04EC0-301F-11D3-BF4B-00C04F79EFBC}") = "Pinatree.TGBot.Core", "Pinatree.TGBot.Core\Pinatree.TGBot.Core.csproj", "{2B046F71-43AB-4ABA-8D88-5598260C4559}"
EndProject
Project("{FAE04EC0-301F-11D3-BF4B-00C04F79EFBC}") = "Pinatree.TGBot.TGClient", "Pinatree.TGBot.TGClient\Pinatree.TGBot.TGClient.csproj", "{72C15435-481C-489B-9829-6ED806D890A1}"
EndProject
Project("{FAE04EC0-301F-11D3-BF4B-00C04F79EFBC}") = "Pinatree.TGBot.ProjectCalculatingService.MoqService", "Pinatree.TGBot.ProjectCalculatingService\Pinatree.TGBot.ProjectCalculatingService.MoqService.csproj", "{10328C8A-3A6D-4456-B1A2-027A99326C43}"
EndProject
Project("{FAE04EC0-301F-11D3-BF4B-00C04F79EFBC}") = "Pinatree.TGBot.ProjectCalculatingService.Domain", "Pinatree.TGBot.ProjectCalculatingService.Domain\Pinatree.TGBot.ProjectCalculatingService.Domain.csproj", "{152FDEEC-FBB0-49BE-A6B3-AFD12CC572BC}"
EndProject
Project("{2150E333-8FDC-42A3-9474-1A3956D46DE8}") = "IService", "IService", "{3272EE2F-9DDF-406C-AB05-7A295CB24475}"
EndProject
Project("{2150E333-8FDC-42A3-9474-1A3956D46DE8}") = "MoqService", "MoqService", "{41EAA6C3-F568-40E1-9121-B8A65F1FD701}"
EndProject
Project("{2150E333-8FDC-42A3-9474-1A3956D46DE8}") = "KafkaService", "KafkaService", "{9B5EF8DC-52F4-4E6D-8EEF-4DD6D834A2C3}"
EndProject
Project("{2150E333-8FDC-42A3-9474-1A3956D46DE8}") = "TGClient", "TGClient", "{56F7A55C-A306-4851-AA3B-ACCCFD1181FB}"
EndProject
Project("{2150E333-8FDC-42A3-9474-1A3956D46DE8}") = "IClient", "IClient", "{451D7326-0F4A-4AB0-B814-800DA279EB0D}"
EndProject
Project("{2150E333-8FDC-42A3-9474-1A3956D46DE8}") = "TestClient", "TestClient", "{D74AA374-0E5E-45AA-956B-0CEFECFBA64D}"
EndProject
Project("{2150E333-8FDC-42A3-9474-1A3956D46DE8}") = "Default", "Default", "{2D314FFA-10D5-41C0-A3E7-C2F47A4CD385}"
EndProject
Global
	GlobalSection(SolutionConfigurationPlatforms) = preSolution
		Debug|Any CPU = Debug|Any CPU
		Release|Any CPU = Release|Any CPU
	EndGlobalSection
	GlobalSection(ProjectConfigurationPlatforms) = postSolution
		{3E0ACE58-7C4C-4EA6-B175-06F758B53FD8}.Debug|Any CPU.ActiveCfg = Debug|Any CPU
		{3E0ACE58-7C4C-4EA6-B175-06F758B53FD8}.Debug|Any CPU.Build.0 = Debug|Any CPU
		{3E0ACE58-7C4C-4EA6-B175-06F758B53FD8}.Release|Any CPU.ActiveCfg = Release|Any CPU
		{3E0ACE58-7C4C-4EA6-B175-06F758B53FD8}.Release|Any CPU.Build.0 = Release|Any CPU
		{2B046F71-43AB-4ABA-8D88-5598260C4559}.Debug|Any CPU.ActiveCfg = Debug|Any CPU
		{2B046F71-43AB-4ABA-8D88-5598260C4559}.Debug|Any CPU.Build.0 = Debug|Any CPU
		{2B046F71-43AB-4ABA-8D88-5598260C4559}.Release|Any CPU.ActiveCfg = Release|Any CPU
		{2B046F71-43AB-4ABA-8D88-5598260C4559}.Release|Any CPU.Build.0 = Release|Any CPU
		{72C15435-481C-489B-9829-6ED806D890A1}.Debug|Any CPU.ActiveCfg = Debug|Any CPU
		{72C15435-481C-489B-9829-6ED806D890A1}.Debug|Any CPU.Build.0 = Debug|Any CPU
		{72C15435-481C-489B-9829-6ED806D890A1}.Release|Any CPU.ActiveCfg = Release|Any CPU
		{72C15435-481C-489B-9829-6ED806D890A1}.Release|Any CPU.Build.0 = Release|Any CPU
		{10328C8A-3A6D-4456-B1A2-027A99326C43}.Debug|Any CPU.ActiveCfg = Debug|Any CPU
		{10328C8A-3A6D-4456-B1A2-027A99326C43}.Debug|Any CPU.Build.0 = Debug|Any CPU
		{10328C8A-3A6D-4456-B1A2-027A99326C43}.Release|Any CPU.ActiveCfg = Release|Any CPU
		{10328C8A-3A6D-4456-B1A2-027A99326C43}.Release|Any CPU.Build.0 = Release|Any CPU
		{152FDEEC-FBB0-49BE-A6B3-AFD12CC572BC}.Debug|Any CPU.ActiveCfg = Debug|Any CPU
		{152FDEEC-FBB0-49BE-A6B3-AFD12CC572BC}.Debug|Any CPU.Build.0 = Debug|Any CPU
		{152FDEEC-FBB0-49BE-A6B3-AFD12CC572BC}.Release|Any CPU.ActiveCfg = Release|Any CPU
		{152FDEEC-FBB0-49BE-A6B3-AFD12CC572BC}.Release|Any CPU.Build.0 = Release|Any CPU
	EndGlobalSection
	GlobalSection(SolutionProperties) = preSolution
		HideSolutionNode = FALSE
	EndGlobalSection
	GlobalSection(NestedProjects) = preSolution
		{3E0ACE58-7C4C-4EA6-B175-06F758B53FD8} = {47412E22-B165-4BF8-90E9-ACFE2AF05750}
		{A00E462E-8DF2-4241-AE7D-EF491814E6F0} = {FB9CF5E4-4D21-4953-8527-1E71D46AA515}
		{9DC8C35B-A4A1-4C7F-A1DE-C6756C3AD4C6} = {0F3CD3B5-5BBA-47E5-A991-91B928AF96BE}
		{2B046F71-43AB-4ABA-8D88-5598260C4559} = {B4765193-AE96-4890-B76A-CD92BE4ED6CC}
		{72C15435-481C-489B-9829-6ED806D890A1} = {2D314FFA-10D5-41C0-A3E7-C2F47A4CD385}
		{10328C8A-3A6D-4456-B1A2-027A99326C43} = {41EAA6C3-F568-40E1-9121-B8A65F1FD701}
		{152FDEEC-FBB0-49BE-A6B3-AFD12CC572BC} = {A00E462E-8DF2-4241-AE7D-EF491814E6F0}
		{3272EE2F-9DDF-406C-AB05-7A295CB24475} = {A00E462E-8DF2-4241-AE7D-EF491814E6F0}
		{41EAA6C3-F568-40E1-9121-B8A65F1FD701} = {A00E462E-8DF2-4241-AE7D-EF491814E6F0}
		{9B5EF8DC-52F4-4E6D-8EEF-4DD6D834A2C3} = {A00E462E-8DF2-4241-AE7D-EF491814E6F0}
		{56F7A55C-A306-4851-AA3B-ACCCFD1181FB} = {9DC8C35B-A4A1-4C7F-A1DE-C6756C3AD4C6}
		{451D7326-0F4A-4AB0-B814-800DA279EB0D} = {56F7A55C-A306-4851-AA3B-ACCCFD1181FB}
		{D74AA374-0E5E-45AA-956B-0CEFECFBA64D} = {56F7A55C-A306-4851-AA3B-ACCCFD1181FB}
		{2D314FFA-10D5-41C0-A3E7-C2F47A4CD385} = {56F7A55C-A306-4851-AA3B-ACCCFD1181FB}
	EndGlobalSection
	GlobalSection(ExtensibilityGlobals) = postSolution
		SolutionGuid = {8A79ADA7-A673-419E-8DA4-E399C64225A0}
	EndGlobalSection
EndGlobal
