
Microsoft Visual Studio Solution File, Format Version 12.00
# Visual Studio Version 17
VisualStudioVersion = 17.8.34330.188
MinimumVisualStudioVersion = 10.0.40219.1
Project("{9A19103F-16F7-4668-BE54-9A1E7A4F7556}") = "Pinatree.TGBot", "Pinatree.TGBot\Pinatree.TGBot.csproj", "{3E0ACE58-7C4C-4EA6-B175-06F758B53FD8}"
EndProject
Project("{2150E333-8FDC-42A3-9474-1A3956D46DE8}") = "StartUp", "StartUp", "{47412E22-B165-4BF8-90E9-ACFE2AF05750}"
EndProject
Project("{2150E333-8FDC-42A3-9474-1A3956D46DE8}") = "Core", "Core", "{B4765193-AE96-4890-B76A-CD92BE4ED6CC}"
EndProject
Project("{2150E333-8FDC-42A3-9474-1A3956D46DE8}") = "DataHandler", "DataHandler", "{0F3CD3B5-5BBA-47E5-A991-91B928AF96BE}"
EndProject
Project("{9A19103F-16F7-4668-BE54-9A1E7A4F7556}") = "Pinatree.TGBot.Core", "Pinatree.TGBot.Core\Pinatree.TGBot.Core.csproj", "{2B046F71-43AB-4ABA-8D88-5598260C4559}"
EndProject
Project("{9A19103F-16F7-4668-BE54-9A1E7A4F7556}") = "Pinatree.TGBot.DataHandler", "Pinatree.TGBot.TGClient\Pinatree.TGBot.DataHandler.csproj", "{72C15435-481C-489B-9829-6ED806D890A1}"
EndProject
Project("{2150E333-8FDC-42A3-9474-1A3956D46DE8}") = "DefaultHandler", "DefaultHandler", "{2D314FFA-10D5-41C0-A3E7-C2F47A4CD385}"
EndProject
Project("{2150E333-8FDC-42A3-9474-1A3956D46DE8}") = "UsersDataService", "UsersDataService", "{199C02C8-2E45-44E5-887A-3875563B774F}"
EndProject
Project("{2150E333-8FDC-42A3-9474-1A3956D46DE8}") = "IUsersDataService", "IUsersDataService", "{B3FE211C-387F-4D44-91F4-42132E8C8C42}"
EndProject
Project("{2150E333-8FDC-42A3-9474-1A3956D46DE8}") = "InMemoryUsersDataService", "InMemoryUsersDataService", "{DF523716-A153-494D-BDBD-C44711261916}"
EndProject
Project("{9A19103F-16F7-4668-BE54-9A1E7A4F7556}") = "Pinatree.TGBot.IUsersDataService", "Pinatree.TGBot.IUsersDataService\Pinatree.TGBot.IUsersDataService.csproj", "{607DC6A4-F441-4F43-AECF-CF60DF6BA886}"
EndProject
Project("{9A19103F-16F7-4668-BE54-9A1E7A4F7556}") = "Pinatree.TGBot.InMemoryUsersDataService", "Pinatree.TGBot.InMemoryUsersDataService\Pinatree.TGBot.InMemoryUsersDataService.csproj", "{5EDE11C6-4AC9-43D2-B065-3FC3613F572F}"
EndProject
Project("{9A19103F-16F7-4668-BE54-9A1E7A4F7556}") = "Pinatree.TGBot.InMemoryUsersDataService.Test", "Pinatree.TGBot.InMemoryUsersDataService.Test\Pinatree.TGBot.InMemoryUsersDataService.Test.csproj", "{BA298CAF-EC63-42E2-9145-19CE19C142B3}"
EndProject
Project("{2150E333-8FDC-42A3-9474-1A3956D46DE8}") = "ICore", "ICore", "{4A702759-2CA3-4910-A547-018A60BD6725}"
EndProject
Project("{2150E333-8FDC-42A3-9474-1A3956D46DE8}") = "DefaultCore", "DefaultCore", "{F8FC0885-A506-4B29-8AC3-5225B38C7B17}"
EndProject
Project("{9A19103F-16F7-4668-BE54-9A1E7A4F7556}") = "Pinatree.TGBot.ICore", "Pinatree.TGBot.ICore\Pinatree.TGBot.ICore.csproj", "{DF1F3B66-AF1B-4ACD-A5E9-49B3DBC4C2A9}"
EndProject
Project("{2150E333-8FDC-42A3-9474-1A3956D46DE8}") = "DataSender", "DataSender", "{DEA39DD5-F732-4FD2-9604-8556051CC463}"
EndProject
Project("{2150E333-8FDC-42A3-9474-1A3956D46DE8}") = "ISender", "ISender", "{8BCCED98-CF59-4FDF-98E2-EA1E161D0111}"
EndProject
Project("{2150E333-8FDC-42A3-9474-1A3956D46DE8}") = "DefaultSender", "DefaultSender", "{19289511-DA3D-42A0-AA5D-599893EFA6EE}"
EndProject
Project("{2150E333-8FDC-42A3-9474-1A3956D46DE8}") = "IHandler", "IHandler", "{CDE6EACB-8B6C-4A77-B00E-80A054676BDA}"
EndProject
Project("{9A19103F-16F7-4668-BE54-9A1E7A4F7556}") = "Pinatree.TGBot.IDataHandler", "Pinatree.TGBot.IDataHandler\Pinatree.TGBot.IDataHandler.csproj", "{2CE3285A-625F-4EAD-9CFD-E26FDC855579}"
EndProject
Project("{FAE04EC0-301F-11D3-BF4B-00C04F79EFBC}") = "Pinatree.TGBot.ISender", "Pinatree.TGBot.ISender\Pinatree.TGBot.ISender.csproj", "{0E180AE8-2429-41E1-BA3D-B68CF1EB401E}"
EndProject
Project("{FAE04EC0-301F-11D3-BF4B-00C04F79EFBC}") = "Pinatree.TGBot.DefaultSender", "Pinatree.TGBot.DefaultSender\Pinatree.TGBot.DefaultSender.csproj", "{72C716A9-F264-4378-B70E-BD86B3BEE568}"
EndProject
Global
	GlobalSection(SolutionConfigurationPlatforms) = preSolution
		Debug|Any CPU = Debug|Any CPU
		Release|Any CPU = Release|Any CPU
	EndGlobalSection
	GlobalSection(ProjectConfigurationPlatforms) = postSolution
		{3E0ACE58-7C4C-4EA6-B175-06F758B53FD8}.Debug|Any CPU.ActiveCfg = Debug|Any CPU
		{3E0ACE58-7C4C-4EA6-B175-06F758B53FD8}.Debug|Any CPU.Build.0 = Debug|Any CPU
		{3E0ACE58-7C4C-4EA6-B175-06F758B53FD8}.Release|Any CPU.ActiveCfg = Release|Any CPU
		{3E0ACE58-7C4C-4EA6-B175-06F758B53FD8}.Release|Any CPU.Build.0 = Release|Any CPU
		{2B046F71-43AB-4ABA-8D88-5598260C4559}.Debug|Any CPU.ActiveCfg = Debug|Any CPU
		{2B046F71-43AB-4ABA-8D88-5598260C4559}.Debug|Any CPU.Build.0 = Debug|Any CPU
		{2B046F71-43AB-4ABA-8D88-5598260C4559}.Release|Any CPU.ActiveCfg = Release|Any CPU
		{2B046F71-43AB-4ABA-8D88-5598260C4559}.Release|Any CPU.Build.0 = Release|Any CPU
		{72C15435-481C-489B-9829-6ED806D890A1}.Debug|Any CPU.ActiveCfg = Debug|Any CPU
		{72C15435-481C-489B-9829-6ED806D890A1}.Debug|Any CPU.Build.0 = Debug|Any CPU
		{72C15435-481C-489B-9829-6ED806D890A1}.Release|Any CPU.ActiveCfg = Release|Any CPU
		{72C15435-481C-489B-9829-6ED806D890A1}.Release|Any CPU.Build.0 = Release|Any CPU
		{607DC6A4-F441-4F43-AECF-CF60DF6BA886}.Debug|Any CPU.ActiveCfg = Debug|Any CPU
		{607DC6A4-F441-4F43-AECF-CF60DF6BA886}.Debug|Any CPU.Build.0 = Debug|Any CPU
		{607DC6A4-F441-4F43-AECF-CF60DF6BA886}.Release|Any CPU.ActiveCfg = Release|Any CPU
		{607DC6A4-F441-4F43-AECF-CF60DF6BA886}.Release|Any CPU.Build.0 = Release|Any CPU
		{5EDE11C6-4AC9-43D2-B065-3FC3613F572F}.Debug|Any CPU.ActiveCfg = Debug|Any CPU
		{5EDE11C6-4AC9-43D2-B065-3FC3613F572F}.Debug|Any CPU.Build.0 = Debug|Any CPU
		{5EDE11C6-4AC9-43D2-B065-3FC3613F572F}.Release|Any CPU.ActiveCfg = Release|Any CPU
		{5EDE11C6-4AC9-43D2-B065-3FC3613F572F}.Release|Any CPU.Build.0 = Release|Any CPU
		{BA298CAF-EC63-42E2-9145-19CE19C142B3}.Debug|Any CPU.ActiveCfg = Debug|Any CPU
		{BA298CAF-EC63-42E2-9145-19CE19C142B3}.Debug|Any CPU.Build.0 = Debug|Any CPU
		{BA298CAF-EC63-42E2-9145-19CE19C142B3}.Release|Any CPU.ActiveCfg = Release|Any CPU
		{BA298CAF-EC63-42E2-9145-19CE19C142B3}.Release|Any CPU.Build.0 = Release|Any CPU
		{DF1F3B66-AF1B-4ACD-A5E9-49B3DBC4C2A9}.Debug|Any CPU.ActiveCfg = Debug|Any CPU
		{DF1F3B66-AF1B-4ACD-A5E9-49B3DBC4C2A9}.Debug|Any CPU.Build.0 = Debug|Any CPU
		{DF1F3B66-AF1B-4ACD-A5E9-49B3DBC4C2A9}.Release|Any CPU.ActiveCfg = Release|Any CPU
		{DF1F3B66-AF1B-4ACD-A5E9-49B3DBC4C2A9}.Release|Any CPU.Build.0 = Release|Any CPU
		{2CE3285A-625F-4EAD-9CFD-E26FDC855579}.Debug|Any CPU.ActiveCfg = Debug|Any CPU
		{2CE3285A-625F-4EAD-9CFD-E26FDC855579}.Debug|Any CPU.Build.0 = Debug|Any CPU
		{2CE3285A-625F-4EAD-9CFD-E26FDC855579}.Release|Any CPU.ActiveCfg = Release|Any CPU
		{2CE3285A-625F-4EAD-9CFD-E26FDC855579}.Release|Any CPU.Build.0 = Release|Any CPU
		{0E180AE8-2429-41E1-BA3D-B68CF1EB401E}.Debug|Any CPU.ActiveCfg = Debug|Any CPU
		{0E180AE8-2429-41E1-BA3D-B68CF1EB401E}.Debug|Any CPU.Build.0 = Debug|Any CPU
		{0E180AE8-2429-41E1-BA3D-B68CF1EB401E}.Release|Any CPU.ActiveCfg = Release|Any CPU
		{0E180AE8-2429-41E1-BA3D-B68CF1EB401E}.Release|Any CPU.Build.0 = Release|Any CPU
		{72C716A9-F264-4378-B70E-BD86B3BEE568}.Debug|Any CPU.ActiveCfg = Debug|Any CPU
		{72C716A9-F264-4378-B70E-BD86B3BEE568}.Debug|Any CPU.Build.0 = Debug|Any CPU
		{72C716A9-F264-4378-B70E-BD86B3BEE568}.Release|Any CPU.ActiveCfg = Release|Any CPU
		{72C716A9-F264-4378-B70E-BD86B3BEE568}.Release|Any CPU.Build.0 = Release|Any CPU
	EndGlobalSection
	GlobalSection(SolutionProperties) = preSolution
		HideSolutionNode = FALSE
	EndGlobalSection
	GlobalSection(NestedProjects) = preSolution
		{3E0ACE58-7C4C-4EA6-B175-06F758B53FD8} = {47412E22-B165-4BF8-90E9-ACFE2AF05750}
		{2B046F71-43AB-4ABA-8D88-5598260C4559} = {F8FC0885-A506-4B29-8AC3-5225B38C7B17}
		{72C15435-481C-489B-9829-6ED806D890A1} = {2D314FFA-10D5-41C0-A3E7-C2F47A4CD385}
		{2D314FFA-10D5-41C0-A3E7-C2F47A4CD385} = {0F3CD3B5-5BBA-47E5-A991-91B928AF96BE}
		{B3FE211C-387F-4D44-91F4-42132E8C8C42} = {199C02C8-2E45-44E5-887A-3875563B774F}
		{DF523716-A153-494D-BDBD-C44711261916} = {199C02C8-2E45-44E5-887A-3875563B774F}
		{607DC6A4-F441-4F43-AECF-CF60DF6BA886} = {B3FE211C-387F-4D44-91F4-42132E8C8C42}
		{5EDE11C6-4AC9-43D2-B065-3FC3613F572F} = {DF523716-A153-494D-BDBD-C44711261916}
		{BA298CAF-EC63-42E2-9145-19CE19C142B3} = {DF523716-A153-494D-BDBD-C44711261916}
		{4A702759-2CA3-4910-A547-018A60BD6725} = {B4765193-AE96-4890-B76A-CD92BE4ED6CC}
		{F8FC0885-A506-4B29-8AC3-5225B38C7B17} = {B4765193-AE96-4890-B76A-CD92BE4ED6CC}
		{DF1F3B66-AF1B-4ACD-A5E9-49B3DBC4C2A9} = {4A702759-2CA3-4910-A547-018A60BD6725}
		{8BCCED98-CF59-4FDF-98E2-EA1E161D0111} = {DEA39DD5-F732-4FD2-9604-8556051CC463}
		{19289511-DA3D-42A0-AA5D-599893EFA6EE} = {DEA39DD5-F732-4FD2-9604-8556051CC463}
		{CDE6EACB-8B6C-4A77-B00E-80A054676BDA} = {0F3CD3B5-5BBA-47E5-A991-91B928AF96BE}
		{2CE3285A-625F-4EAD-9CFD-E26FDC855579} = {CDE6EACB-8B6C-4A77-B00E-80A054676BDA}
		{0E180AE8-2429-41E1-BA3D-B68CF1EB401E} = {8BCCED98-CF59-4FDF-98E2-EA1E161D0111}
		{72C716A9-F264-4378-B70E-BD86B3BEE568} = {19289511-DA3D-42A0-AA5D-599893EFA6EE}
	EndGlobalSection
	GlobalSection(ExtensibilityGlobals) = postSolution
		SolutionGuid = {8A79ADA7-A673-419E-8DA4-E399C64225A0}
	EndGlobalSection
EndGlobal
